[[package]]
name = "df-cli"
version = "0.1.0"
description = ""
category = "main"
optional = false
python-versions = "^3.8"
develop = false

[package.dependencies]
plumbum = "^1.7.0"

[package.source]
type = "git"
url = "https://gitlab.com/xyder/df-cli.git"
reference = "master"
resolved_reference = "03a7e524544b2bcc39f64e029bba90de4cbb1c7b"

[[package]]
name = "plumbum"
version = "1.7.0"
description = "Plumbum: shell combinators library"
category = "main"
optional = false
python-versions = "!=3.0.*,!=3.1.*,!=3.2.*,!=3.3.*,!=3.4,>=2.7"

[package.dependencies]
pypiwin32 = {version = "*", markers = "platform_system == \"Windows\" and platform_python_implementation != \"PyPy\""}

[package.extras]
dev = ["pytest", "pytest-cov", "pytest-mock", "pytest-timeout", "paramiko", "psutil"]
docs = ["recommonmark (>=0.5.0)", "Sphinx (>=3.0.0)", "sphinx-rtd-theme (>=0.5.0)"]
ssh = ["paramiko"]

[[package]]
name = "pypiwin32"
version = "223"
description = ""
category = "main"
optional = false
python-versions = "*"

[package.dependencies]
pywin32 = ">=223"

[[package]]
name = "pywin32"
version = "300"
description = "Python for Window Extensions"
category = "main"
optional = false
python-versions = "*"

[metadata]
lock-version = "1.1"
python-versions = "^3.8"
content-hash = "4781dcbf5dc3496c0b3f6ccf784e3c119ce14bd169ebd7be2be0c6c55e213793"

[metadata.files]
df-cli = []
plumbum = [
    {file = "plumbum-1.7.0-py2.py3-none-any.whl", hash = "sha256:139bbe08ee065b522a8a07d4f7e9f8eddffd78cc218b65b11cca2b33683e6b57"},
    {file = "plumbum-1.7.0.tar.gz", hash = "sha256:317744342c755319907c773cc87c3a30adaa3a41b0d34c0ce02d9d1904922dce"},
]
pypiwin32 = [
    {file = "pypiwin32-223-py3-none-any.whl", hash = "sha256:67adf399debc1d5d14dffc1ab5acacb800da569754fafdc576b2a039485aa775"},
    {file = "pypiwin32-223.tar.gz", hash = "sha256:71be40c1fbd28594214ecaecb58e7aa8b708eabfa0125c8a109ebd51edbd776a"},
]
pywin32 = [
    {file = "pywin32-300-cp35-cp35m-win32.whl", hash = "sha256:1c204a81daed2089e55d11eefa4826c05e604d27fe2be40b6bf8db7b6a39da63"},
    {file = "pywin32-300-cp35-cp35m-win_amd64.whl", hash = "sha256:350c5644775736351b77ba68da09a39c760d75d2467ecec37bd3c36a94fbed64"},
    {file = "pywin32-300-cp36-cp36m-win32.whl", hash = "sha256:a3b4c48c852d4107e8a8ec980b76c94ce596ea66d60f7a697582ea9dce7e0db7"},
    {file = "pywin32-300-cp36-cp36m-win_amd64.whl", hash = "sha256:27a30b887afbf05a9cbb05e3ffd43104a9b71ce292f64a635389dbad0ed1cd85"},
    {file = "pywin32-300-cp37-cp37m-win32.whl", hash = "sha256:d7e8c7efc221f10d6400c19c32a031add1c4a58733298c09216f57b4fde110dc"},
    {file = "pywin32-300-cp37-cp37m-win_amd64.whl", hash = "sha256:8151e4d7a19262d6694162d6da85d99a16f8b908949797fd99c83a0bfaf5807d"},
    {file = "pywin32-300-cp38-cp38-win32.whl", hash = "sha256:fbb3b1b0fbd0b4fc2a3d1d81fe0783e30062c1abed1d17c32b7879d55858cfae"},
    {file = "pywin32-300-cp38-cp38-win_amd64.whl", hash = "sha256:60a8fa361091b2eea27f15718f8eb7f9297e8d51b54dbc4f55f3d238093d5190"},
    {file = "pywin32-300-cp39-cp39-win32.whl", hash = "sha256:638b68eea5cfc8def537e43e9554747f8dee786b090e47ead94bfdafdb0f2f50"},
    {file = "pywin32-300-cp39-cp39-win_amd64.whl", hash = "sha256:b1609ce9bd5c411b81f941b246d683d6508992093203d4eb7f278f4ed1085c3f"},
]
